
Microsoft Visual Studio Solution File, Format Version 12.00
# Visual Studio Version 17
VisualStudioVersion = 17.14.36518.9 d17.14
MinimumVisualStudioVersion = 10.0.40219.1
Project("{888888A0-9F3D-457C-B088-3A5042F75D52}") = "Lab4_CentNN", "Lab4_CentNN\Lab4_CentNN.pyproj", "{375E5D29-6DC9-457C-9B47-FA01FBE25BAC}"
EndProject
Global
	GlobalSection(SolutionConfigurationPlatforms) = preSolution
		Debug|Any CPU = Debug|Any CPU
		Release|Any CPU = Release|Any CPU
	EndGlobalSection
	GlobalSection(ProjectConfigurationPlatforms) = postSolution
		{375E5D29-6DC9-457C-9B47-FA01FBE25BAC}.Debug|Any CPU.ActiveCfg = Debug|Any CPU
		{375E5D29-6DC9-457C-9B47-FA01FBE25BAC}.Release|Any CPU.ActiveCfg = Release|Any CPU
	EndGlobalSection
	GlobalSection(SolutionProperties) = preSolution
		HideSolutionNode = FALSE
	EndGlobalSection
	GlobalSection(ExtensibilityGlobals) = postSolution
		SolutionGuid = {6EC909E6-EF91-45E8-AE97-3E377F60EAD1}
	EndGlobalSection
EndGlobal
