
Microsoft Visual Studio Solution File, Format Version 12.00
# Visual Studio Version 17
VisualStudioVersion = 17.14.36518.9 d17.14
MinimumVisualStudioVersion = 10.0.40219.1
Project("{888888A0-9F3D-457C-B088-3A5042F75D52}") = "AI_lab2", "AI_lab2\AI_lab2.pyproj", "{0EB0F05B-E009-414D-8CDE-8D7F2D8117D9}"
EndProject
Global
	GlobalSection(SolutionConfigurationPlatforms) = preSolution
		Debug|Any CPU = Debug|Any CPU
		Release|Any CPU = Release|Any CPU
	EndGlobalSection
	GlobalSection(ProjectConfigurationPlatforms) = postSolution
		{0EB0F05B-E009-414D-8CDE-8D7F2D8117D9}.Debug|Any CPU.ActiveCfg = Debug|Any CPU
		{0EB0F05B-E009-414D-8CDE-8D7F2D8117D9}.Release|Any CPU.ActiveCfg = Release|Any CPU
	EndGlobalSection
	GlobalSection(SolutionProperties) = preSolution
		HideSolutionNode = FALSE
	EndGlobalSection
	GlobalSection(ExtensibilityGlobals) = postSolution
		SolutionGuid = {1E080543-FD33-4930-BB85-B1485A729B12}
	EndGlobalSection
EndGlobal
