
Microsoft Visual Studio Solution File, Format Version 12.00
# Visual Studio Version 17
VisualStudioVersion = 17.14.36518.9 d17.14
MinimumVisualStudioVersion = 10.0.40219.1
Project("{888888A0-9F3D-457C-B088-3A5042F75D52}") = "AI_lab4", "AI_lab4\AI_lab4.pyproj", "{4F91D1B9-52A3-411E-8784-E18CA34FACA9}"
EndProject
Global
	GlobalSection(SolutionConfigurationPlatforms) = preSolution
		Debug|Any CPU = Debug|Any CPU
		Release|Any CPU = Release|Any CPU
	EndGlobalSection
	GlobalSection(ProjectConfigurationPlatforms) = postSolution
		{4F91D1B9-52A3-411E-8784-E18CA34FACA9}.Debug|Any CPU.ActiveCfg = Debug|Any CPU
		{4F91D1B9-52A3-411E-8784-E18CA34FACA9}.Release|Any CPU.ActiveCfg = Release|Any CPU
	EndGlobalSection
	GlobalSection(SolutionProperties) = preSolution
		HideSolutionNode = FALSE
	EndGlobalSection
	GlobalSection(ExtensibilityGlobals) = postSolution
		SolutionGuid = {00973684-2121-4E09-B66A-7CCFDD2FBC69}
	EndGlobalSection
EndGlobal
